
Microsoft Visual Studio Solution File, Format Version 12.00
# Visual Studio Version 17
VisualStudioVersion = 17.14.36119.2 d17.14
MinimumVisualStudioVersion = 10.0.40219.1
Project("{FAE04EC0-301F-11D3-BF4B-00C04F79EFBC}") = "FDBMerge", "FDBMerge\FDBMerge.csproj", "{C2C05FA8-3E4F-4622-9DFB-EF6AB097E876}"
EndProject
Global
	GlobalSection(SolutionConfigurationPlatforms) = preSolution
		Debug|Any CPU = Debug|Any CPU
		Release|Any CPU = Release|Any CPU
	EndGlobalSection
	GlobalSection(ProjectConfigurationPlatforms) = postSolution
		{C2C05FA8-3E4F-4622-9DFB-EF6AB097E876}.Debug|Any CPU.ActiveCfg = Debug|Any CPU
		{C2C05FA8-3E4F-4622-9DFB-EF6AB097E876}.Debug|Any CPU.Build.0 = Debug|Any CPU
		{C2C05FA8-3E4F-4622-9DFB-EF6AB097E876}.Release|Any CPU.ActiveCfg = Release|Any CPU
		{C2C05FA8-3E4F-4622-9DFB-EF6AB097E876}.Release|Any CPU.Build.0 = Release|Any CPU
	EndGlobalSection
	GlobalSection(SolutionProperties) = preSolution
		HideSolutionNode = FALSE
	EndGlobalSection
	GlobalSection(ExtensibilityGlobals) = postSolution
		SolutionGuid = {2C1FB32D-E3E9-41C0-97F7-1F5111C49B80}
	EndGlobalSection
EndGlobal
